// !$*UTF8*$!
{
	archiveVersion = 1;
	classes = {
	};
	objectVersion = 46;
	objects = {

/* Begin PBXBuildFile section */
		C4C872041B6152E6008E660C /* main.m in Sources */ = {isa = PBXBuildFile; fileRef = C4C872031B6152E6008E660C /* main.m */; };
		C4C872071B6152E6008E660C /* AppDelegate.m in Sources */ = {isa = PBXBuildFile; fileRef = C4C872061B6152E6008E660C /* AppDelegate.m */; };
		C4C8720A1B6152E6008E660C /* ViewController.m in Sources */ = {isa = PBXBuildFile; fileRef = C4C872091B6152E6008E660C /* ViewController.m */; };
		C4C8720D1B6152E6008E660C /* Main.storyboard in Resources */ = {isa = PBXBuildFile; fileRef = C4C8720B1B6152E6008E660C /* Main.storyboard */; };
		C4C8720F1B6152E6008E660C /* Images.xcassets in Resources */ = {isa = PBXBuildFile; fileRef = C4C8720E1B6152E6008E660C /* Images.xcassets */; };
		C4C872121B6152E6008E660C /* LaunchScreen.xib in Resources */ = {isa = PBXBuildFile; fileRef = C4C872101B6152E6008E660C /* LaunchScreen.xib */; };
		C4C8721E1B6152E6008E660C /* QuickSortTests.m in Sources */ = {isa = PBXBuildFile; fileRef = C4C8721D1B6152E6008E660C /* QuickSortTests.m */; };
		C4C872281B615613008E660C /* QuickSort.txt in Resources */ = {isa = PBXBuildFile; fileRef = C4C872271B615613008E660C /* QuickSort.txt */; };
/* End PBXBuildFile section */

/* Begin PBXContainerItemProxy section */
		C4C872181B6152E6008E660C /* PBXContainerItemProxy */ = {
			isa = PBXContainerItemProxy;
			containerPortal = C4C871F61B6152E6008E660C /* Project object */;
			proxyType = 1;
			remoteGlobalIDString = C4C871FD1B6152E6008E660C;
			remoteInfo = QuickSort;
		};
/* End PBXContainerItemProxy section */

/* Begin PBXFileReference section */
		C4C871FE1B6152E6008E660C /* QuickSort.app */ = {isa = PBXFileReference; explicitFileType = wrapper.application; includeInIndex = 0; path = QuickSort.app; sourceTree = BUILT_PRODUCTS_DIR; };
		C4C872021B6152E6008E660C /* Info.plist */ = {isa = PBXFileReference; lastKnownFileType = text.plist.xml; path = Info.plist; sourceTree = "<group>"; };
		C4C872031B6152E6008E660C /* main.m */ = {isa = PBXFileReference; lastKnownFileType = sourcecode.c.objc; path = main.m; sourceTree = "<group>"; };
		C4C872051B6152E6008E660C /* AppDelegate.h */ = {isa = PBXFileReference; lastKnownFileType = sourcecode.c.h; path = AppDelegate.h; sourceTree = "<group>"; };
		C4C872061B6152E6008E660C /* AppDelegate.m */ = {isa = PBXFileReference; lastKnownFileType = sourcecode.c.objc; path = AppDelegate.m; sourceTree = "<group>"; };
		C4C872081B6152E6008E660C /* ViewController.h */ = {isa = PBXFileReference; lastKnownFileType = sourcecode.c.h; path = ViewController.h; sourceTree = "<group>"; };
		C4C872091B6152E6008E660C /* ViewController.m */ = {isa = PBXFileReference; lastKnownFileType = sourcecode.c.objc; path = ViewController.m; sourceTree = "<group>"; };
		C4C8720C1B6152E6008E660C /* Base */ = {isa = PBXFileReference; lastKnownFileType = file.storyboard; name = Base; path = Base.lproj/Main.storyboard; sourceTree = "<group>"; };
		C4C8720E1B6152E6008E660C /* Images.xcassets */ = {isa = PBXFileReference; lastKnownFileType = folder.assetcatalog; path = Images.xcassets; sourceTree = "<group>"; };
		C4C872111B6152E6008E660C /* Base */ = {isa = PBXFileReference; lastKnownFileType = file.xib; name = Base; path = Base.lproj/LaunchScreen.xib; sourceTree = "<group>"; };
		C4C872171B6152E6008E660C /* QuickSortTests.xctest */ = {isa = PBXFileReference; explicitFileType = wrapper.cfbundle; includeInIndex = 0; path = QuickSortTests.xctest; sourceTree = BUILT_PRODUCTS_DIR; };
		C4C8721C1B6152E6008E660C /* Info.plist */ = {isa = PBXFileReference; lastKnownFileType = text.plist.xml; path = Info.plist; sourceTree = "<group>"; };
		C4C8721D1B6152E6008E660C /* QuickSortTests.m */ = {isa = PBXFileReference; lastKnownFileType = sourcecode.c.objc; path = QuickSortTests.m; sourceTree = "<group>"; };
		C4C872271B615613008E660C /* QuickSort.txt */ = {isa = PBXFileReference; fileEncoding = 4; lastKnownFileType = text; path = QuickSort.txt; sourceTree = "<group>"; };
/* End PBXFileReference section */

/* Begin PBXFrameworksBuildPhase section */
		C4C871FB1B6152E6008E660C /* Frameworks */ = {
			isa = PBXFrameworksBuildPhase;
			buildActionMask = 2147483647;
			files = (
			);
			runOnlyForDeploymentPostprocessing = 0;
		};
		C4C872141B6152E6008E660C /* Frameworks */ = {
			isa = PBXFrameworksBuildPhase;
			buildActionMask = 2147483647;
			files = (
			);
			runOnlyForDeploymentPostprocessing = 0;
		};
/* End PBXFrameworksBuildPhase section */

/* Begin PBXGroup section */
		C4C871F51B6152E6008E660C = {
			isa = PBXGroup;
			children = (
				C4C872271B615613008E660C /* QuickSort.txt */,
				C4C872001B6152E6008E660C /* QuickSort */,
				C4C8721A1B6152E6008E660C /* QuickSortTests */,
				C4C871FF1B6152E6008E660C /* Products */,
			);
			sourceTree = "<group>";
		};
		C4C871FF1B6152E6008E660C /* Products */ = {
			isa = PBXGroup;
			children = (
				C4C871FE1B6152E6008E660C /* QuickSort.app */,
				C4C872171B6152E6008E660C /* QuickSortTests.xctest */,
			);
			name = Products;
			sourceTree = "<group>";
		};
		C4C872001B6152E6008E660C /* QuickSort */ = {
			isa = PBXGroup;
			children = (
				C4C872051B6152E6008E660C /* AppDelegate.h */,
				C4C872061B6152E6008E660C /* AppDelegate.m */,
				C4C872081B6152E6008E660C /* ViewController.h */,
				C4C872091B6152E6008E660C /* ViewController.m */,
				C4C8720B1B6152E6008E660C /* Main.storyboard */,
				C4C8720E1B6152E6008E660C /* Images.xcassets */,
				C4C872101B6152E6008E660C /* LaunchScreen.xib */,
				C4C872011B6152E6008E660C /* Supporting Files */,
			);
			path = QuickSort;
			sourceTree = "<group>";
		};
		C4C872011B6152E6008E660C /* Supporting Files */ = {
			isa = PBXGroup;
			children = (
				C4C872021B6152E6008E660C /* Info.plist */,
				C4C872031B6152E6008E660C /* main.m */,
			);
			name = "Supporting Files";
			sourceTree = "<group>";
		};
		C4C8721A1B6152E6008E660C /* QuickSortTests */ = {
			isa = PBXGroup;
			children = (
				C4C8721D1B6152E6008E660C /* QuickSortTests.m */,
				C4C8721B1B6152E6008E660C /* Supporting Files */,
			);
			path = QuickSortTests;
			sourceTree = "<group>";
		};
		C4C8721B1B6152E6008E660C /* Supporting Files */ = {
			isa = PBXGroup;
			children = (
				C4C8721C1B6152E6008E660C /* Info.plist */,
			);
			name = "Supporting Files";
			sourceTree = "<group>";
		};
/* End PBXGroup section */

/* Begin PBXNativeTarget section */
		C4C871FD1B6152E6008E660C /* QuickSort */ = {
			isa = PBXNativeTarget;
			buildConfigurationList = C4C872211B6152E6008E660C /* Build configuration list for PBXNativeTarget "QuickSort" */;
			buildPhases = (
				C4C871FA1B6152E6008E660C /* Sources */,
				C4C871FB1B6152E6008E660C /* Frameworks */,
				C4C871FC1B6152E6008E660C /* Resources */,
			);
			buildRules = (
			);
			dependencies = (
			);
			name = QuickSort;
			productName = QuickSort;
			productReference = C4C871FE1B6152E6008E660C /* QuickSort.app */;
			productType = "com.apple.product-type.application";
		};
		C4C872161B6152E6008E660C /* QuickSortTests */ = {
			isa = PBXNativeTarget;
			buildConfigurationList = C4C872241B6152E6008E660C /* Build configuration list for PBXNativeTarget "QuickSortTests" */;
			buildPhases = (
				C4C872131B6152E6008E660C /* Sources */,
				C4C872141B6152E6008E660C /* Frameworks */,
				C4C872151B6152E6008E660C /* Resources */,
			);
			buildRules = (
			);
			dependencies = (
				C4C872191B6152E6008E660C /* PBXTargetDependency */,
			);
			name = QuickSortTests;
			productName = QuickSortTests;
			productReference = C4C872171B6152E6008E660C /* QuickSortTests.xctest */;
			productType = "com.apple.product-type.bundle.unit-test";
		};
/* End PBXNativeTarget section */

/* Begin PBXProject section */
		C4C871F61B6152E6008E660C /* Project object */ = {
			isa = PBXProject;
			attributes = {
				LastUpgradeCheck = 0640;
				ORGANIZATIONNAME = YevhenHerasymenko;
				TargetAttributes = {
					C4C871FD1B6152E6008E660C = {
						CreatedOnToolsVersion = 6.4;
					};
					C4C872161B6152E6008E660C = {
						CreatedOnToolsVersion = 6.4;
						TestTargetID = C4C871FD1B6152E6008E660C;
					};
				};
			};
			buildConfigurationList = C4C871F91B6152E6008E660C /* Build configuration list for PBXProject "QuickSort" */;
			compatibilityVersion = "Xcode 3.2";
			developmentRegion = English;
			hasScannedForEncodings = 0;
			knownRegions = (
				en,
				Base,
			);
			mainGroup = C4C871F51B6152E6008E660C;
			productRefGroup = C4C871FF1B6152E6008E660C /* Products */;
			projectDirPath = "";
			projectRoot = "";
			targets = (
				C4C871FD1B6152E6008E660C /* QuickSort */,
				C4C872161B6152E6008E660C /* QuickSortTests */,
			);
		};
/* End PBXProject section */

/* Begin PBXResourcesBuildPhase section */
		C4C871FC1B6152E6008E660C /* Resources */ = {
			isa = PBXResourcesBuildPhase;
			buildActionMask = 2147483647;
			files = (
				C4C872281B615613008E660C /* QuickSort.txt in Resources */,
				C4C8720D1B6152E6008E660C /* Main.storyboard in Resources */,
				C4C872121B6152E6008E660C /* LaunchScreen.xib in Resources */,
				C4C8720F1B6152E6008E660C /* Images.xcassets in Resources */,
			);
			runOnlyForDeploymentPostprocessing = 0;
		};
		C4C872151B6152E6008E660C /* Resources */ = {
			isa = PBXResourcesBuildPhase;
			buildActionMask = 2147483647;
			files = (
			);
			runOnlyForDeploymentPostprocessing = 0;
		};
/* End PBXResourcesBuildPhase section */

/* Begin PBXSourcesBuildPhase section */
		C4C871FA1B6152E6008E660C /* Sources */ = {
			isa = PBXSourcesBuildPhase;
			buildActionMask = 2147483647;
			files = (
				C4C8720A1B6152E6008E660C /* ViewController.m in Sources */,
				C4C872071B6152E6008E660C /* AppDelegate.m in Sources */,
				C4C872041B6152E6008E660C /* main.m in Sources */,
			);
			runOnlyForDeploymentPostprocessing = 0;
		};
		C4C872131B6152E6008E660C /* Sources */ = {
			isa = PBXSourcesBuildPhase;
			buildActionMask = 2147483647;
			files = (
				C4C8721E1B6152E6008E660C /* QuickSortTests.m in Sources */,
			);
			runOnlyForDeploymentPostprocessing = 0;
		};
/* End PBXSourcesBuildPhase section */

/* Begin PBXTargetDependency section */
		C4C872191B6152E6008E660C /* PBXTargetDependency */ = {
			isa = PBXTargetDependency;
			target = C4C871FD1B6152E6008E660C /* QuickSort */;
			targetProxy = C4C872181B6152E6008E660C /* PBXContainerItemProxy */;
		};
/* End PBXTargetDependency section */

/* Begin PBXVariantGroup section */
		C4C8720B1B6152E6008E660C /* Main.storyboard */ = {
			isa = PBXVariantGroup;
			children = (
				C4C8720C1B6152E6008E660C /* Base */,
			);
			name = Main.storyboard;
			sourceTree = "<group>";
		};
		C4C872101B6152E6008E660C /* LaunchScreen.xib */ = {
			isa = PBXVariantGroup;
			children = (
				C4C872111B6152E6008E660C /* Base */,
			);
			name = LaunchScreen.xib;
			sourceTree = "<group>";
		};
/* End PBXVariantGroup section */

/* Begin XCBuildConfiguration section */
		C4C8721F1B6152E6008E660C /* Debug */ = {
			isa = XCBuildConfiguration;
			buildSettings = {
				ALWAYS_SEARCH_USER_PATHS = NO;
				CLANG_CXX_LANGUAGE_STANDARD = "gnu++0x";
				CLANG_CXX_LIBRARY = "libc++";
				CLANG_ENABLE_MODULES = YES;
				CLANG_ENABLE_OBJC_ARC = YES;
				CLANG_WARN_BOOL_CONVERSION = YES;
				CLANG_WARN_CONSTANT_CONVERSION = YES;
				CLANG_WARN_DIRECT_OBJC_ISA_USAGE = YES_ERROR;
				CLANG_WARN_EMPTY_BODY = YES;
				CLANG_WARN_ENUM_CONVERSION = YES;
				CLANG_WARN_INT_CONVERSION = YES;
				CLANG_WARN_OBJC_ROOT_CLASS = YES_ERROR;
				CLANG_WARN_UNREACHABLE_CODE = YES;
				CLANG_WARN__DUPLICATE_METHOD_MATCH = YES;
				"CODE_SIGN_IDENTITY[sdk=iphoneos*]" = "iPhone Developer";
				COPY_PHASE_STRIP = NO;
				DEBUG_INFORMATION_FORMAT = "dwarf-with-dsym";
				ENABLE_STRICT_OBJC_MSGSEND = YES;
				GCC_C_LANGUAGE_STANDARD = gnu99;
				GCC_DYNAMIC_NO_PIC = NO;
				GCC_NO_COMMON_BLOCKS = YES;
				GCC_OPTIMIZATION_LEVEL = 0;
				GCC_PREPROCESSOR_DEFINITIONS = (
					"DEBUG=1",
					"$(inherited)",
				);
				GCC_SYMBOLS_PRIVATE_EXTERN = NO;
				GCC_WARN_64_TO_32_BIT_CONVERSION = YES;
				GCC_WARN_ABOUT_RETURN_TYPE = YES_ERROR;
				GCC_WARN_UNDECLARED_SELECTOR = YES;
				GCC_WARN_UNINITIALIZED_AUTOS = YES_AGGRESSIVE;
				GCC_WARN_UNUSED_FUNCTION = YES;
				GCC_WARN_UNUSED_VARIABLE = YES;
				IPHONEOS_DEPLOYMENT_TARGET = 8.4;
				MTL_ENABLE_DEBUG_INFO = YES;
				ONLY_ACTIVE_ARCH = YES;
				SDKROOT = iphoneos;
				TARGETED_DEVICE_FAMILY = "1,2";
			};
			name = Debug;
		};
		C4C872201B6152E6008E660C /* Release */ = {
			isa = XCBuildConfiguration;
			buildSettings = {
				ALWAYS_SEARCH_USER_PATHS = NO;
				CLANG_CXX_LANGUAGE_STANDARD = "gnu++0x";
				CLANG_CXX_LIBRARY = "libc++";
				CLANG_ENABLE_MODULES = YES;
				CLANG_ENABLE_OBJC_ARC = YES;
				CLANG_WARN_BOOL_CONVERSION = YES;
				CLANG_WARN_CONSTANT_CONVERSION = YES;
				CLANG_WARN_DIRECT_OBJC_ISA_USAGE = YES_ERROR;
				CLANG_WARN_EMPTY_BODY = YES;
				CLANG_WARN_ENUM_CONVERSION = YES;
				CLANG_WARN_INT_CONVERSION = YES;
				CLANG_WARN_OBJC_ROOT_CLASS = YES_ERROR;
				CLANG_WARN_UNREACHABLE_CODE = YES;
				CLANG_WARN__DUPLICATE_METHOD_MATCH = YES;
				"CODE_SIGN_IDENTITY[sdk=iphoneos*]" = "iPhone Developer";
				COPY_PHASE_STRIP = NO;
				DEBUG_INFORMATION_FORMAT = "dwarf-with-dsym";
				ENABLE_NS_ASSERTIONS = NO;
				ENABLE_STRICT_OBJC_MSGSEND = YES;
				GCC_C_LANGUAGE_STANDARD = gnu99;
				GCC_NO_COMMON_BLOCKS = YES;
				GCC_WARN_64_TO_32_BIT_CONVERSION = YES;
				GCC_WARN_ABOUT_RETURN_TYPE = YES_ERROR;
				GCC_WARN_UNDECLARED_SELECTOR = YES;
				GCC_WARN_UNINITIALIZED_AUTOS = YES_AGGRESSIVE;
				GCC_WARN_UNUSED_FUNCTION = YES;
				GCC_WARN_UNUSED_VARIABLE = YES;
				IPHONEOS_DEPLOYMENT_TARGET = 8.4;
				MTL_ENABLE_DEBUG_INFO = NO;
				SDKROOT = iphoneos;
				TARGETED_DEVICE_FAMILY = "1,2";
				VALIDATE_PRODUCT = YES;
			};
			name = Release;
		};
		C4C872221B6152E6008E660C /* Debug */ = {
			isa = XCBuildConfiguration;
			buildSettings = {
				ASSETCATALOG_COMPILER_APPICON_NAME = AppIcon;
				INFOPLIST_FILE = QuickSort/Info.plist;
				LD_RUNPATH_SEARCH_PATHS = "$(inherited) @executable_path/Frameworks";
				PRODUCT_NAME = "$(TARGET_NAME)";
			};
			name = Debug;
		};
		C4C872231B6152E6008E660C /* Release */ = {
			isa = XCBuildConfiguration;
			buildSettings = {
				ASSETCATALOG_COMPILER_APPICON_NAME = AppIcon;
				INFOPLIST_FILE = QuickSort/Info.plist;
				LD_RUNPATH_SEARCH_PATHS = "$(inherited) @executable_path/Frameworks";
				PRODUCT_NAME = "$(TARGET_NAME)";
			};
			name = Release;
		};
		C4C872251B6152E6008E660C /* Debug */ = {
			isa = XCBuildConfiguration;
			buildSettings = {
				BUNDLE_LOADER = "$(TEST_HOST)";
				FRAMEWORK_SEARCH_PATHS = (
					"$(SDKROOT)/Developer/Library/Frameworks",
					"$(inherited)",
				);
				GCC_PREPROCESSOR_DEFINITIONS = (
					"DEBUG=1",
					"$(inherited)",
				);
				INFOPLIST_FILE = QuickSortTests/Info.plist;
				LD_RUNPATH_SEARCH_PATHS = "$(inherited) @executable_path/Frameworks @loader_path/Frameworks";
				PRODUCT_NAME = "$(TARGET_NAME)";
				TEST_HOST = "$(BUILT_PRODUCTS_DIR)/QuickSort.app/QuickSort";
			};
			name = Debug;
		};
		C4C872261B6152E6008E660C /* Release */ = {
			isa = XCBuildConfiguration;
			buildSettings = {
				BUNDLE_LOADER = "$(TEST_HOST)";
				FRAMEWORK_SEARCH_PATHS = (
					"$(SDKROOT)/Developer/Library/Frameworks",
					"$(inherited)",
				);
				INFOPLIST_FILE = QuickSortTests/Info.plist;
				LD_RUNPATH_SEARCH_PATHS = "$(inherited) @executable_path/Frameworks @loader_path/Frameworks";
				PRODUCT_NAME = "$(TARGET_NAME)";
				TEST_HOST = "$(BUILT_PRODUCTS_DIR)/QuickSort.app/QuickSort";
			};
			name = Release;
		};
/* End XCBuildConfiguration section */

/* Begin XCConfigurationList section */
		C4C871F91B6152E6008E660C /* Build configuration list for PBXProject "QuickSort" */ = {
			isa = XCConfigurationList;
			buildConfigurations = (
				C4C8721F1B6152E6008E660C /* Debug */,
				C4C872201B6152E6008E660C /* Release */,
			);
			defaultConfigurationIsVisible = 0;
			defaultConfigurationName = Release;
		};
		C4C872211B6152E6008E660C /* Build configuration list for PBXNativeTarget "QuickSort" */ = {
			isa = XCConfigurationList;
			buildConfigurations = (
				C4C872221B6152E6008E660C /* Debug */,
				C4C872231B6152E6008E660C /* Release */,
			);
			defaultConfigurationIsVisible = 0;
		};
		C4C872241B6152E6008E660C /* Build configuration list for PBXNativeTarget "QuickSortTests" */ = {
			isa = XCConfigurationList;
			buildConfigurations = (
				C4C872251B6152E6008E660C /* Debug */,
				C4C872261B6152E6008E660C /* Release */,
			);
			defaultConfigurationIsVisible = 0;
		};
/* End XCConfigurationList section */
	};
	rootObject = C4C871F61B6152E6008E660C /* Project object */;
}
